
Microsoft Visual Studio Solution File, Format Version 12.00
Project("{FAE04EC0-301F-11D3-BF4B-00C04F79EFBC}") = "Seng2250A3", "Seng2250A3\Seng2250A3.csproj", "{17352EF7-CF4C-4BCC-82E8-6695BB977633}"
EndProject
Project("{FAE04EC0-301F-11D3-BF4B-00C04F79EFBC}") = "Client", "Client\Client.csproj", "{EE65FB8F-D8DF-4596-ACC7-71E5CDD36A84}"
EndProject
Global
	GlobalSection(SolutionConfigurationPlatforms) = preSolution
		Debug|Any CPU = Debug|Any CPU
		Release|Any CPU = Release|Any CPU
	EndGlobalSection
	GlobalSection(ProjectConfigurationPlatforms) = postSolution
		{17352EF7-CF4C-4BCC-82E8-6695BB977633}.Debug|Any CPU.ActiveCfg = Debug|Any CPU
		{17352EF7-CF4C-4BCC-82E8-6695BB977633}.Debug|Any CPU.Build.0 = Debug|Any CPU
		{17352EF7-CF4C-4BCC-82E8-6695BB977633}.Release|Any CPU.ActiveCfg = Release|Any CPU
		{17352EF7-CF4C-4BCC-82E8-6695BB977633}.Release|Any CPU.Build.0 = Release|Any CPU
		{EE65FB8F-D8DF-4596-ACC7-71E5CDD36A84}.Debug|Any CPU.ActiveCfg = Debug|Any CPU
		{EE65FB8F-D8DF-4596-ACC7-71E5CDD36A84}.Debug|Any CPU.Build.0 = Debug|Any CPU
		{EE65FB8F-D8DF-4596-ACC7-71E5CDD36A84}.Release|Any CPU.ActiveCfg = Release|Any CPU
		{EE65FB8F-D8DF-4596-ACC7-71E5CDD36A84}.Release|Any CPU.Build.0 = Release|Any CPU
	EndGlobalSection
EndGlobal
